
Microsoft Visual Studio Solution File, Format Version 12.00
# Visual Studio Version 17
VisualStudioVersion = 17.13.35818.85 d17.13
MinimumVisualStudioVersion = 10.0.40219.1
Project("{FAE04EC0-301F-11D3-BF4B-00C04F79EFBC}") = "JurnalMod7", "JurnalMod7\JurnalMod7.csproj", "{BCDD70C1-1891-40DA-841D-3BBF329AFEDD}"
EndProject
Global
	GlobalSection(SolutionConfigurationPlatforms) = preSolution
		Debug|Any CPU = Debug|Any CPU
		Release|Any CPU = Release|Any CPU
	EndGlobalSection
	GlobalSection(ProjectConfigurationPlatforms) = postSolution
		{BCDD70C1-1891-40DA-841D-3BBF329AFEDD}.Debug|Any CPU.ActiveCfg = Debug|Any CPU
		{BCDD70C1-1891-40DA-841D-3BBF329AFEDD}.Debug|Any CPU.Build.0 = Debug|Any CPU
		{BCDD70C1-1891-40DA-841D-3BBF329AFEDD}.Release|Any CPU.ActiveCfg = Release|Any CPU
		{BCDD70C1-1891-40DA-841D-3BBF329AFEDD}.Release|Any CPU.Build.0 = Release|Any CPU
	EndGlobalSection
	GlobalSection(SolutionProperties) = preSolution
		HideSolutionNode = FALSE
	EndGlobalSection
	GlobalSection(ExtensibilityGlobals) = postSolution
		SolutionGuid = {16D7B068-9C2B-4776-8E68-750185F25C02}
	EndGlobalSection
EndGlobal
